// !$*UTF8*$!
{
	archiveVersion = 1;
	classes = {
	};
	objectVersion = 55;
	objects = {

/* Begin PBXBuildFile section */
		86FB0343286BB2EB002A2834 /* swiftUIMemoApp.swift in Sources */ = {isa = PBXBuildFile; fileRef = 86FB0342286BB2EB002A2834 /* swiftUIMemoApp.swift */; };
		86FB0345286BB2EB002A2834 /* MemoListScene.swift in Sources */ = {isa = PBXBuildFile; fileRef = 86FB0344286BB2EB002A2834 /* MemoListScene.swift */; };
		86FB0347286BB2ED002A2834 /* Assets.xcassets in Resources */ = {isa = PBXBuildFile; fileRef = 86FB0346286BB2ED002A2834 /* Assets.xcassets */; };
		86FB034A286BB2ED002A2834 /* Preview Assets.xcassets in Resources */ = {isa = PBXBuildFile; fileRef = 86FB0349286BB2ED002A2834 /* Preview Assets.xcassets */; };
		86FB034C286BB2ED002A2834 /* Persistence.swift in Sources */ = {isa = PBXBuildFile; fileRef = 86FB034B286BB2ED002A2834 /* Persistence.swift */; };
		86FB034F286BB2ED002A2834 /* swiftUIMemo.xcdatamodeld in Sources */ = {isa = PBXBuildFile; fileRef = 86FB034D286BB2ED002A2834 /* swiftUIMemo.xcdatamodeld */; };
		86FB0390286BB8D5002A2834 /* Memo.swift in Sources */ = {isa = PBXBuildFile; fileRef = 86FB038F286BB8D5002A2834 /* Memo.swift */; };
		86FB0392286BBA23002A2834 /* MemoStore.swift in Sources */ = {isa = PBXBuildFile; fileRef = 86FB0391286BBA23002A2834 /* MemoStore.swift */; };
		86FB0395286BC3B4002A2834 /* DateFormatter+Memo.swift in Sources */ = {isa = PBXBuildFile; fileRef = 86FB0394286BC3B4002A2834 /* DateFormatter+Memo.swift */; };
/* End PBXBuildFile section */

/* Begin PBXFileReference section */
		86FB033F286BB2EB002A2834 /* swiftUIMemo.app */ = {isa = PBXFileReference; explicitFileType = wrapper.application; includeInIndex = 0; path = swiftUIMemo.app; sourceTree = BUILT_PRODUCTS_DIR; };
		86FB0342286BB2EB002A2834 /* swiftUIMemoApp.swift */ = {isa = PBXFileReference; lastKnownFileType = sourcecode.swift; path = swiftUIMemoApp.swift; sourceTree = "<group>"; };
		86FB0344286BB2EB002A2834 /* MemoListScene.swift */ = {isa = PBXFileReference; lastKnownFileType = sourcecode.swift; path = MemoListScene.swift; sourceTree = "<group>"; };
		86FB0346286BB2ED002A2834 /* Assets.xcassets */ = {isa = PBXFileReference; lastKnownFileType = folder.assetcatalog; path = Assets.xcassets; sourceTree = "<group>"; };
		86FB0349286BB2ED002A2834 /* Preview Assets.xcassets */ = {isa = PBXFileReference; lastKnownFileType = folder.assetcatalog; path = "Preview Assets.xcassets"; sourceTree = "<group>"; };
		86FB034B286BB2ED002A2834 /* Persistence.swift */ = {isa = PBXFileReference; lastKnownFileType = sourcecode.swift; path = Persistence.swift; sourceTree = "<group>"; };
		86FB034E286BB2ED002A2834 /* swiftUIMemo.xcdatamodel */ = {isa = PBXFileReference; lastKnownFileType = wrapper.xcdatamodel; path = swiftUIMemo.xcdatamodel; sourceTree = "<group>"; };
		86FB038F286BB8D5002A2834 /* Memo.swift */ = {isa = PBXFileReference; lastKnownFileType = sourcecode.swift; path = Memo.swift; sourceTree = "<group>"; };
		86FB0391286BBA23002A2834 /* MemoStore.swift */ = {isa = PBXFileReference; lastKnownFileType = sourcecode.swift; path = MemoStore.swift; sourceTree = "<group>"; };
		86FB0394286BC3B4002A2834 /* DateFormatter+Memo.swift */ = {isa = PBXFileReference; lastKnownFileType = sourcecode.swift; path = "DateFormatter+Memo.swift"; sourceTree = "<group>"; };
/* End PBXFileReference section */

/* Begin PBXFrameworksBuildPhase section */
		86FB033C286BB2EB002A2834 /* Frameworks */ = {
			isa = PBXFrameworksBuildPhase;
			buildActionMask = 2147483647;
			files = (
			);
			runOnlyForDeploymentPostprocessing = 0;
		};
/* End PBXFrameworksBuildPhase section */

/* Begin PBXGroup section */
		86FB0336286BB2EB002A2834 = {
			isa = PBXGroup;
			children = (
				86FB0341286BB2EB002A2834 /* swiftUIMemo */,
				86FB0340286BB2EB002A2834 /* Products */,
			);
			sourceTree = "<group>";
		};
		86FB0340286BB2EB002A2834 /* Products */ = {
			isa = PBXGroup;
			children = (
				86FB033F286BB2EB002A2834 /* swiftUIMemo.app */,
			);
			name = Products;
			sourceTree = "<group>";
		};
		86FB0341286BB2EB002A2834 /* swiftUIMemo */ = {
			isa = PBXGroup;
			children = (
				86FB0393286BC398002A2834 /* Extension */,
				86FB038E286BB8B6002A2834 /* Model */,
				86FB0342286BB2EB002A2834 /* swiftUIMemoApp.swift */,
				86FB0344286BB2EB002A2834 /* MemoListScene.swift */,
				86FB0346286BB2ED002A2834 /* Assets.xcassets */,
				86FB034B286BB2ED002A2834 /* Persistence.swift */,
				86FB034D286BB2ED002A2834 /* swiftUIMemo.xcdatamodeld */,
				86FB0348286BB2ED002A2834 /* Preview Content */,
			);
			path = swiftUIMemo;
			sourceTree = "<group>";
		};
		86FB0348286BB2ED002A2834 /* Preview Content */ = {
			isa = PBXGroup;
			children = (
				86FB0349286BB2ED002A2834 /* Preview Assets.xcassets */,
			);
			path = "Preview Content";
			sourceTree = "<group>";
		};
		86FB038E286BB8B6002A2834 /* Model */ = {
			isa = PBXGroup;
			children = (
				86FB038F286BB8D5002A2834 /* Memo.swift */,
				86FB0391286BBA23002A2834 /* MemoStore.swift */,
			);
			path = Model;
			sourceTree = "<group>";
		};
		86FB0393286BC398002A2834 /* Extension */ = {
			isa = PBXGroup;
			children = (
				86FB0394286BC3B4002A2834 /* DateFormatter+Memo.swift */,
			);
			path = Extension;
			sourceTree = "<group>";
		};
/* End PBXGroup section */

/* Begin PBXNativeTarget section */
		86FB033E286BB2EB002A2834 /* swiftUIMemo */ = {
			isa = PBXNativeTarget;
			buildConfigurationList = 86FB0352286BB2ED002A2834 /* Build configuration list for PBXNativeTarget "swiftUIMemo" */;
			buildPhases = (
				86FB033B286BB2EB002A2834 /* Sources */,
				86FB033C286BB2EB002A2834 /* Frameworks */,
				86FB033D286BB2EB002A2834 /* Resources */,
			);
			buildRules = (
			);
			dependencies = (
			);
			name = swiftUIMemo;
			productName = swiftUIMemo;
			productReference = 86FB033F286BB2EB002A2834 /* swiftUIMemo.app */;
			productType = "com.apple.product-type.application";
		};
/* End PBXNativeTarget section */

/* Begin PBXProject section */
		86FB0337286BB2EB002A2834 /* Project object */ = {
			isa = PBXProject;
			attributes = {
				BuildIndependentTargetsInParallel = 1;
				LastSwiftUpdateCheck = 1340;
				LastUpgradeCheck = 1340;
				TargetAttributes = {
					86FB033E286BB2EB002A2834 = {
						CreatedOnToolsVersion = 13.4.1;
					};
				};
			};
			buildConfigurationList = 86FB033A286BB2EB002A2834 /* Build configuration list for PBXProject "swiftUIMemo" */;
			compatibilityVersion = "Xcode 13.0";
			developmentRegion = en;
			hasScannedForEncodings = 0;
			knownRegions = (
				en,
				Base,
			);
			mainGroup = 86FB0336286BB2EB002A2834;
			productRefGroup = 86FB0340286BB2EB002A2834 /* Products */;
			projectDirPath = "";
			projectRoot = "";
			targets = (
				86FB033E286BB2EB002A2834 /* swiftUIMemo */,
			);
		};
/* End PBXProject section */

/* Begin PBXResourcesBuildPhase section */
		86FB033D286BB2EB002A2834 /* Resources */ = {
			isa = PBXResourcesBuildPhase;
			buildActionMask = 2147483647;
			files = (
				86FB034A286BB2ED002A2834 /* Preview Assets.xcassets in Resources */,
				86FB0347286BB2ED002A2834 /* Assets.xcassets in Resources */,
			);
			runOnlyForDeploymentPostprocessing = 0;
		};
/* End PBXResourcesBuildPhase section */

/* Begin PBXSourcesBuildPhase section */
		86FB033B286BB2EB002A2834 /* Sources */ = {
			isa = PBXSourcesBuildPhase;
			buildActionMask = 2147483647;
			files = (
				86FB034C286BB2ED002A2834 /* Persistence.swift in Sources */,
				86FB0392286BBA23002A2834 /* MemoStore.swift in Sources */,
				86FB034F286BB2ED002A2834 /* swiftUIMemo.xcdatamodeld in Sources */,
				86FB0395286BC3B4002A2834 /* DateFormatter+Memo.swift in Sources */,
				86FB0345286BB2EB002A2834 /* MemoListScene.swift in Sources */,
				86FB0343286BB2EB002A2834 /* swiftUIMemoApp.swift in Sources */,
				86FB0390286BB8D5002A2834 /* Memo.swift in Sources */,
			);
			runOnlyForDeploymentPostprocessing = 0;
		};
/* End PBXSourcesBuildPhase section */

/* Begin XCBuildConfiguration section */
		86FB0350286BB2ED002A2834 /* Debug */ = {
			isa = XCBuildConfiguration;
			buildSettings = {
				ALWAYS_SEARCH_USER_PATHS = NO;
				CLANG_ANALYZER_NONNULL = YES;
				CLANG_ANALYZER_NUMBER_OBJECT_CONVERSION = YES_AGGRESSIVE;
				CLANG_CXX_LANGUAGE_STANDARD = "gnu++17";
				CLANG_ENABLE_MODULES = YES;
				CLANG_ENABLE_OBJC_ARC = YES;
				CLANG_ENABLE_OBJC_WEAK = YES;
				CLANG_WARN_BLOCK_CAPTURE_AUTORELEASING = YES;
				CLANG_WARN_BOOL_CONVERSION = YES;
				CLANG_WARN_COMMA = YES;
				CLANG_WARN_CONSTANT_CONVERSION = YES;
				CLANG_WARN_DEPRECATED_OBJC_IMPLEMENTATIONS = YES;
				CLANG_WARN_DIRECT_OBJC_ISA_USAGE = YES_ERROR;
				CLANG_WARN_DOCUMENTATION_COMMENTS = YES;
				CLANG_WARN_EMPTY_BODY = YES;
				CLANG_WARN_ENUM_CONVERSION = YES;
				CLANG_WARN_INFINITE_RECURSION = YES;
				CLANG_WARN_INT_CONVERSION = YES;
				CLANG_WARN_NON_LITERAL_NULL_CONVERSION = YES;
				CLANG_WARN_OBJC_IMPLICIT_RETAIN_SELF = YES;
				CLANG_WARN_OBJC_LITERAL_CONVERSION = YES;
				CLANG_WARN_OBJC_ROOT_CLASS = YES_ERROR;
				CLANG_WARN_QUOTED_INCLUDE_IN_FRAMEWORK_HEADER = YES;
				CLANG_WARN_RANGE_LOOP_ANALYSIS = YES;
				CLANG_WARN_STRICT_PROTOTYPES = YES;
				CLANG_WARN_SUSPICIOUS_MOVE = YES;
				CLANG_WARN_UNGUARDED_AVAILABILITY = YES_AGGRESSIVE;
				CLANG_WARN_UNREACHABLE_CODE = YES;
				CLANG_WARN__DUPLICATE_METHOD_MATCH = YES;
				COPY_PHASE_STRIP = NO;
				DEBUG_INFORMATION_FORMAT = dwarf;
				ENABLE_STRICT_OBJC_MSGSEND = YES;
				ENABLE_TESTABILITY = YES;
				GCC_C_LANGUAGE_STANDARD = gnu11;
				GCC_DYNAMIC_NO_PIC = NO;
				GCC_NO_COMMON_BLOCKS = YES;
				GCC_OPTIMIZATION_LEVEL = 0;
				GCC_PREPROCESSOR_DEFINITIONS = (
					"DEBUG=1",
					"$(inherited)",
				);
				GCC_WARN_64_TO_32_BIT_CONVERSION = YES;
				GCC_WARN_ABOUT_RETURN_TYPE = YES_ERROR;
				GCC_WARN_UNDECLARED_SELECTOR = YES;
				GCC_WARN_UNINITIALIZED_AUTOS = YES_AGGRESSIVE;
				GCC_WARN_UNUSED_FUNCTION = YES;
				GCC_WARN_UNUSED_VARIABLE = YES;
				IPHONEOS_DEPLOYMENT_TARGET = 15.5;
				MTL_ENABLE_DEBUG_INFO = INCLUDE_SOURCE;
				MTL_FAST_MATH = YES;
				ONLY_ACTIVE_ARCH = YES;
				SDKROOT = iphoneos;
				SWIFT_ACTIVE_COMPILATION_CONDITIONS = DEBUG;
				SWIFT_OPTIMIZATION_LEVEL = "-Onone";
			};
			name = Debug;
		};
		86FB0351286BB2ED002A2834 /* Release */ = {
			isa = XCBuildConfiguration;
			buildSettings = {
				ALWAYS_SEARCH_USER_PATHS = NO;
				CLANG_ANALYZER_NONNULL = YES;
				CLANG_ANALYZER_NUMBER_OBJECT_CONVERSION = YES_AGGRESSIVE;
				CLANG_CXX_LANGUAGE_STANDARD = "gnu++17";
				CLANG_ENABLE_MODULES = YES;
				CLANG_ENABLE_OBJC_ARC = YES;
				CLANG_ENABLE_OBJC_WEAK = YES;
				CLANG_WARN_BLOCK_CAPTURE_AUTORELEASING = YES;
				CLANG_WARN_BOOL_CONVERSION = YES;
				CLANG_WARN_COMMA = YES;
				CLANG_WARN_CONSTANT_CONVERSION = YES;
				CLANG_WARN_DEPRECATED_OBJC_IMPLEMENTATIONS = YES;
				CLANG_WARN_DIRECT_OBJC_ISA_USAGE = YES_ERROR;
				CLANG_WARN_DOCUMENTATION_COMMENTS = YES;
				CLANG_WARN_EMPTY_BODY = YES;
				CLANG_WARN_ENUM_CONVERSION = YES;
				CLANG_WARN_INFINITE_RECURSION = YES;
				CLANG_WARN_INT_CONVERSION = YES;
				CLANG_WARN_NON_LITERAL_NULL_CONVERSION = YES;
				CLANG_WARN_OBJC_IMPLICIT_RETAIN_SELF = YES;
				CLANG_WARN_OBJC_LITERAL_CONVERSION = YES;
				CLANG_WARN_OBJC_ROOT_CLASS = YES_ERROR;
				CLANG_WARN_QUOTED_INCLUDE_IN_FRAMEWORK_HEADER = YES;
				CLANG_WARN_RANGE_LOOP_ANALYSIS = YES;
				CLANG_WARN_STRICT_PROTOTYPES = YES;
				CLANG_WARN_SUSPICIOUS_MOVE = YES;
				CLANG_WARN_UNGUARDED_AVAILABILITY = YES_AGGRESSIVE;
				CLANG_WARN_UNREACHABLE_CODE = YES;
				CLANG_WARN__DUPLICATE_METHOD_MATCH = YES;
				COPY_PHASE_STRIP = NO;
				DEBUG_INFORMATION_FORMAT = "dwarf-with-dsym";
				ENABLE_NS_ASSERTIONS = NO;
				ENABLE_STRICT_OBJC_MSGSEND = YES;
				GCC_C_LANGUAGE_STANDARD = gnu11;
				GCC_NO_COMMON_BLOCKS = YES;
				GCC_WARN_64_TO_32_BIT_CONVERSION = YES;
				GCC_WARN_ABOUT_RETURN_TYPE = YES_ERROR;
				GCC_WARN_UNDECLARED_SELECTOR = YES;
				GCC_WARN_UNINITIALIZED_AUTOS = YES_AGGRESSIVE;
				GCC_WARN_UNUSED_FUNCTION = YES;
				GCC_WARN_UNUSED_VARIABLE = YES;
				IPHONEOS_DEPLOYMENT_TARGET = 15.5;
				MTL_ENABLE_DEBUG_INFO = NO;
				MTL_FAST_MATH = YES;
				SDKROOT = iphoneos;
				SWIFT_COMPILATION_MODE = wholemodule;
				SWIFT_OPTIMIZATION_LEVEL = "-O";
				VALIDATE_PRODUCT = YES;
			};
			name = Release;
		};
		86FB0353286BB2ED002A2834 /* Debug */ = {
			isa = XCBuildConfiguration;
			buildSettings = {
				ASSETCATALOG_COMPILER_APPICON_NAME = AppIcon;
				ASSETCATALOG_COMPILER_GLOBAL_ACCENT_COLOR_NAME = AccentColor;
				CODE_SIGN_STYLE = Automatic;
				CURRENT_PROJECT_VERSION = 1;
				DEVELOPMENT_ASSET_PATHS = "\"swiftUIMemo/Preview Content\"";
				ENABLE_PREVIEWS = YES;
				GENERATE_INFOPLIST_FILE = YES;
				INFOPLIST_KEY_UIApplicationSceneManifest_Generation = YES;
				INFOPLIST_KEY_UIApplicationSupportsIndirectInputEvents = YES;
				INFOPLIST_KEY_UILaunchScreen_Generation = YES;
				INFOPLIST_KEY_UISupportedInterfaceOrientations_iPad = "UIInterfaceOrientationPortrait UIInterfaceOrientationPortraitUpsideDown UIInterfaceOrientationLandscapeLeft UIInterfaceOrientationLandscapeRight";
				INFOPLIST_KEY_UISupportedInterfaceOrientations_iPhone = "UIInterfaceOrientationPortrait UIInterfaceOrientationLandscapeLeft UIInterfaceOrientationLandscapeRight";
				LD_RUNPATH_SEARCH_PATHS = (
					"$(inherited)",
					"@executable_path/Frameworks",
				);
				MARKETING_VERSION = 1.0;
				PRODUCT_BUNDLE_IDENTIFIER = joohan.swiftUIMemo;
				PRODUCT_NAME = "$(TARGET_NAME)";
				SWIFT_EMIT_LOC_STRINGS = YES;
				SWIFT_VERSION = 5.0;
				TARGETED_DEVICE_FAMILY = "1,2";
			};
			name = Debug;
		};
		86FB0354286BB2ED002A2834 /* Release */ = {
			isa = XCBuildConfiguration;
			buildSettings = {
				ASSETCATALOG_COMPILER_APPICON_NAME = AppIcon;
				ASSETCATALOG_COMPILER_GLOBAL_ACCENT_COLOR_NAME = AccentColor;
				CODE_SIGN_STYLE = Automatic;
				CURRENT_PROJECT_VERSION = 1;
				DEVELOPMENT_ASSET_PATHS = "\"swiftUIMemo/Preview Content\"";
				ENABLE_PREVIEWS = YES;
				GENERATE_INFOPLIST_FILE = YES;
				INFOPLIST_KEY_UIApplicationSceneManifest_Generation = YES;
				INFOPLIST_KEY_UIApplicationSupportsIndirectInputEvents = YES;
				INFOPLIST_KEY_UILaunchScreen_Generation = YES;
				INFOPLIST_KEY_UISupportedInterfaceOrientations_iPad = "UIInterfaceOrientationPortrait UIInterfaceOrientationPortraitUpsideDown UIInterfaceOrientationLandscapeLeft UIInterfaceOrientationLandscapeRight";
				INFOPLIST_KEY_UISupportedInterfaceOrientations_iPhone = "UIInterfaceOrientationPortrait UIInterfaceOrientationLandscapeLeft UIInterfaceOrientationLandscapeRight";
				LD_RUNPATH_SEARCH_PATHS = (
					"$(inherited)",
					"@executable_path/Frameworks",
				);
				MARKETING_VERSION = 1.0;
				PRODUCT_BUNDLE_IDENTIFIER = joohan.swiftUIMemo;
				PRODUCT_NAME = "$(TARGET_NAME)";
				SWIFT_EMIT_LOC_STRINGS = YES;
				SWIFT_VERSION = 5.0;
				TARGETED_DEVICE_FAMILY = "1,2";
			};
			name = Release;
		};
/* End XCBuildConfiguration section */

/* Begin XCConfigurationList section */
		86FB033A286BB2EB002A2834 /* Build configuration list for PBXProject "swiftUIMemo" */ = {
			isa = XCConfigurationList;
			buildConfigurations = (
				86FB0350286BB2ED002A2834 /* Debug */,
				86FB0351286BB2ED002A2834 /* Release */,
			);
			defaultConfigurationIsVisible = 0;
			defaultConfigurationName = Release;
		};
		86FB0352286BB2ED002A2834 /* Build configuration list for PBXNativeTarget "swiftUIMemo" */ = {
			isa = XCConfigurationList;
			buildConfigurations = (
				86FB0353286BB2ED002A2834 /* Debug */,
				86FB0354286BB2ED002A2834 /* Release */,
			);
			defaultConfigurationIsVisible = 0;
			defaultConfigurationName = Release;
		};
/* End XCConfigurationList section */

/* Begin XCVersionGroup section */
		86FB034D286BB2ED002A2834 /* swiftUIMemo.xcdatamodeld */ = {
			isa = XCVersionGroup;
			children = (
				86FB034E286BB2ED002A2834 /* swiftUIMemo.xcdatamodel */,
			);
			currentVersion = 86FB034E286BB2ED002A2834 /* swiftUIMemo.xcdatamodel */;
			path = swiftUIMemo.xcdatamodeld;
			sourceTree = "<group>";
			versionGroupType = wrapper.xcdatamodel;
		};
/* End XCVersionGroup section */
	};
	rootObject = 86FB0337286BB2EB002A2834 /* Project object */;
}
